
Microsoft Visual Studio Solution File, Format Version 12.00
# Visual Studio Version 17
VisualStudioVersion = 17.1.32328.378
MinimumVisualStudioVersion = 10.0.40219.1
Project("{9A19103F-16F7-4668-BE54-9A1E7A4F7556}") = "Sufficit.Telephony.EventsPanel.Components", "src/Sufficit.Telephony.EventsPanel.Components.csproj", "{EA6A9A46-7458-4B7D-A5C8-CE4CD5D1B3BE}"
EndProject
Global
	GlobalSection(SolutionConfigurationPlatforms) = preSolution
		Debug|Any CPU = Debug|Any CPU
		Release|Any CPU = Release|Any CPU
	EndGlobalSection
	GlobalSection(ProjectConfigurationPlatforms) = postSolution
		{EA6A9A46-7458-4B7D-A5C8-CE4CD5D1B3BE}.Debug|Any CPU.ActiveCfg = Debug|Any CPU
		{EA6A9A46-7458-4B7D-A5C8-CE4CD5D1B3BE}.Debug|Any CPU.Build.0 = Debug|Any CPU
		{EA6A9A46-7458-4B7D-A5C8-CE4CD5D1B3BE}.Release|Any CPU.ActiveCfg = Release|Any CPU
		{EA6A9A46-7458-4B7D-A5C8-CE4CD5D1B3BE}.Release|Any CPU.Build.0 = Release|Any CPU
	EndGlobalSection
	GlobalSection(SolutionProperties) = preSolution
		HideSolutionNode = FALSE
	EndGlobalSection
	GlobalSection(ExtensibilityGlobals) = postSolution
		SolutionGuid = {32D16477-BCD7-4708-B7A6-854DFF3B9BBE}
	EndGlobalSection
EndGlobal
